
Microsoft Visual Studio Solution File, Format Version 12.00
# Visual Studio Version 16
VisualStudioVersion = 16.0.31410.357
MinimumVisualStudioVersion = 10.0.40219.1
Project("{FAE04EC0-301F-11D3-BF4B-00C04F79EFBC}") = "Client", "Client\Client.csproj", "{D1ECB47D-513D-4DE0-824D-C58CAAD68192}"
EndProject
Project("{FAE04EC0-301F-11D3-BF4B-00C04F79EFBC}") = "DB", "DB\DB.csproj", "{2FBDF835-7B2B-4A32-8098-3E8F106F33B1}"
EndProject
Global
	GlobalSection(SolutionConfigurationPlatforms) = preSolution
		Debug|Any CPU = Debug|Any CPU
		Release|Any CPU = Release|Any CPU
	EndGlobalSection
	GlobalSection(ProjectConfigurationPlatforms) = postSolution
		{D1ECB47D-513D-4DE0-824D-C58CAAD68192}.Debug|Any CPU.ActiveCfg = Debug|Any CPU
		{D1ECB47D-513D-4DE0-824D-C58CAAD68192}.Debug|Any CPU.Build.0 = Debug|Any CPU
		{D1ECB47D-513D-4DE0-824D-C58CAAD68192}.Release|Any CPU.ActiveCfg = Release|Any CPU
		{D1ECB47D-513D-4DE0-824D-C58CAAD68192}.Release|Any CPU.Build.0 = Release|Any CPU
		{2FBDF835-7B2B-4A32-8098-3E8F106F33B1}.Debug|Any CPU.ActiveCfg = Debug|Any CPU
		{2FBDF835-7B2B-4A32-8098-3E8F106F33B1}.Debug|Any CPU.Build.0 = Debug|Any CPU
		{2FBDF835-7B2B-4A32-8098-3E8F106F33B1}.Release|Any CPU.ActiveCfg = Release|Any CPU
		{2FBDF835-7B2B-4A32-8098-3E8F106F33B1}.Release|Any CPU.Build.0 = Release|Any CPU
	EndGlobalSection
	GlobalSection(SolutionProperties) = preSolution
		HideSolutionNode = FALSE
	EndGlobalSection
	GlobalSection(ExtensibilityGlobals) = postSolution
		SolutionGuid = {8D695C7A-534F-4FEF-B894-D3E976C87A93}
	EndGlobalSection
EndGlobal
